// !$*UTF8*$!
{
	archiveVersion = 1;
	classes = {
	};
	objectVersion = 50;
	objects = {

/* Begin PBXBuildFile section */
		F6B63A5E26F6536800616629 /* AppDelegate.swift in Sources */ = {isa = PBXBuildFile; fileRef = F6B63A5D26F6536800616629 /* AppDelegate.swift */; };
		F6B63A6026F6536800616629 /* SceneDelegate.swift in Sources */ = {isa = PBXBuildFile; fileRef = F6B63A5F26F6536800616629 /* SceneDelegate.swift */; };
		F6B63A6226F6536800616629 /* ViewController.swift in Sources */ = {isa = PBXBuildFile; fileRef = F6B63A6126F6536800616629 /* ViewController.swift */; };
		F6B63A6526F6536800616629 /* Main.storyboard in Resources */ = {isa = PBXBuildFile; fileRef = F6B63A6326F6536800616629 /* Main.storyboard */; };
		F6B63A6726F6536C00616629 /* Assets.xcassets in Resources */ = {isa = PBXBuildFile; fileRef = F6B63A6626F6536C00616629 /* Assets.xcassets */; };
		F6B63A6A26F6536C00616629 /* LaunchScreen.storyboard in Resources */ = {isa = PBXBuildFile; fileRef = F6B63A6826F6536C00616629 /* LaunchScreen.storyboard */; };
		F6B63A7526F6536C00616629 /* FlixTests.swift in Sources */ = {isa = PBXBuildFile; fileRef = F6B63A7426F6536C00616629 /* FlixTests.swift */; };
		F6B63A8026F6536C00616629 /* FlixUITests.swift in Sources */ = {isa = PBXBuildFile; fileRef = F6B63A7F26F6536C00616629 /* FlixUITests.swift */; };
/* End PBXBuildFile section */

/* Begin PBXContainerItemProxy section */
		F6B63A7126F6536C00616629 /* PBXContainerItemProxy */ = {
			isa = PBXContainerItemProxy;
			containerPortal = F6B63A5226F6536800616629 /* Project object */;
			proxyType = 1;
			remoteGlobalIDString = F6B63A5926F6536800616629;
			remoteInfo = Flix;
		};
		F6B63A7C26F6536C00616629 /* PBXContainerItemProxy */ = {
			isa = PBXContainerItemProxy;
			containerPortal = F6B63A5226F6536800616629 /* Project object */;
			proxyType = 1;
			remoteGlobalIDString = F6B63A5926F6536800616629;
			remoteInfo = Flix;
		};
/* End PBXContainerItemProxy section */

/* Begin PBXFileReference section */
		F6B63A5A26F6536800616629 /* Flix.app */ = {isa = PBXFileReference; explicitFileType = wrapper.application; includeInIndex = 0; path = Flix.app; sourceTree = BUILT_PRODUCTS_DIR; };
		F6B63A5D26F6536800616629 /* AppDelegate.swift */ = {isa = PBXFileReference; lastKnownFileType = sourcecode.swift; path = AppDelegate.swift; sourceTree = "<group>"; };
		F6B63A5F26F6536800616629 /* SceneDelegate.swift */ = {isa = PBXFileReference; lastKnownFileType = sourcecode.swift; path = SceneDelegate.swift; sourceTree = "<group>"; };
		F6B63A6126F6536800616629 /* ViewController.swift */ = {isa = PBXFileReference; lastKnownFileType = sourcecode.swift; path = ViewController.swift; sourceTree = "<group>"; };
		F6B63A6426F6536800616629 /* Base */ = {isa = PBXFileReference; lastKnownFileType = file.storyboard; name = Base; path = Base.lproj/Main.storyboard; sourceTree = "<group>"; };
		F6B63A6626F6536C00616629 /* Assets.xcassets */ = {isa = PBXFileReference; lastKnownFileType = folder.assetcatalog; path = Assets.xcassets; sourceTree = "<group>"; };
		F6B63A6926F6536C00616629 /* Base */ = {isa = PBXFileReference; lastKnownFileType = file.storyboard; name = Base; path = Base.lproj/LaunchScreen.storyboard; sourceTree = "<group>"; };
		F6B63A6B26F6536C00616629 /* Info.plist */ = {isa = PBXFileReference; lastKnownFileType = text.plist.xml; path = Info.plist; sourceTree = "<group>"; };
		F6B63A7026F6536C00616629 /* FlixTests.xctest */ = {isa = PBXFileReference; explicitFileType = wrapper.cfbundle; includeInIndex = 0; path = FlixTests.xctest; sourceTree = BUILT_PRODUCTS_DIR; };
		F6B63A7426F6536C00616629 /* FlixTests.swift */ = {isa = PBXFileReference; lastKnownFileType = sourcecode.swift; path = FlixTests.swift; sourceTree = "<group>"; };
		F6B63A7626F6536C00616629 /* Info.plist */ = {isa = PBXFileReference; lastKnownFileType = text.plist.xml; path = Info.plist; sourceTree = "<group>"; };
		F6B63A7B26F6536C00616629 /* FlixUITests.xctest */ = {isa = PBXFileReference; explicitFileType = wrapper.cfbundle; includeInIndex = 0; path = FlixUITests.xctest; sourceTree = BUILT_PRODUCTS_DIR; };
		F6B63A7F26F6536C00616629 /* FlixUITests.swift */ = {isa = PBXFileReference; lastKnownFileType = sourcecode.swift; path = FlixUITests.swift; sourceTree = "<group>"; };
		F6B63A8126F6536C00616629 /* Info.plist */ = {isa = PBXFileReference; lastKnownFileType = text.plist.xml; path = Info.plist; sourceTree = "<group>"; };
/* End PBXFileReference section */

/* Begin PBXFrameworksBuildPhase section */
		F6B63A5726F6536800616629 /* Frameworks */ = {
			isa = PBXFrameworksBuildPhase;
			buildActionMask = 2147483647;
			files = (
			);
			runOnlyForDeploymentPostprocessing = 0;
		};
		F6B63A6D26F6536C00616629 /* Frameworks */ = {
			isa = PBXFrameworksBuildPhase;
			buildActionMask = 2147483647;
			files = (
			);
			runOnlyForDeploymentPostprocessing = 0;
		};
		F6B63A7826F6536C00616629 /* Frameworks */ = {
			isa = PBXFrameworksBuildPhase;
			buildActionMask = 2147483647;
			files = (
			);
			runOnlyForDeploymentPostprocessing = 0;
		};
/* End PBXFrameworksBuildPhase section */

/* Begin PBXGroup section */
		F6B63A5126F6536800616629 = {
			isa = PBXGroup;
			children = (
				F6B63A5C26F6536800616629 /* Flix */,
				F6B63A7326F6536C00616629 /* FlixTests */,
				F6B63A7E26F6536C00616629 /* FlixUITests */,
				F6B63A5B26F6536800616629 /* Products */,
			);
			sourceTree = "<group>";
		};
		F6B63A5B26F6536800616629 /* Products */ = {
			isa = PBXGroup;
			children = (
				F6B63A5A26F6536800616629 /* Flix.app */,
				F6B63A7026F6536C00616629 /* FlixTests.xctest */,
				F6B63A7B26F6536C00616629 /* FlixUITests.xctest */,
			);
			name = Products;
			sourceTree = "<group>";
		};
		F6B63A5C26F6536800616629 /* Flix */ = {
			isa = PBXGroup;
			children = (
				F6B63A5D26F6536800616629 /* AppDelegate.swift */,
				F6B63A5F26F6536800616629 /* SceneDelegate.swift */,
				F6B63A6126F6536800616629 /* ViewController.swift */,
				F6B63A6326F6536800616629 /* Main.storyboard */,
				F6B63A6626F6536C00616629 /* Assets.xcassets */,
				F6B63A6826F6536C00616629 /* LaunchScreen.storyboard */,
				F6B63A6B26F6536C00616629 /* Info.plist */,
			);
			path = Flix;
			sourceTree = "<group>";
		};
		F6B63A7326F6536C00616629 /* FlixTests */ = {
			isa = PBXGroup;
			children = (
				F6B63A7426F6536C00616629 /* FlixTests.swift */,
				F6B63A7626F6536C00616629 /* Info.plist */,
			);
			path = FlixTests;
			sourceTree = "<group>";
		};
		F6B63A7E26F6536C00616629 /* FlixUITests */ = {
			isa = PBXGroup;
			children = (
				F6B63A7F26F6536C00616629 /* FlixUITests.swift */,
				F6B63A8126F6536C00616629 /* Info.plist */,
			);
			path = FlixUITests;
			sourceTree = "<group>";
		};
/* End PBXGroup section */

/* Begin PBXNativeTarget section */
		F6B63A5926F6536800616629 /* Flix */ = {
			isa = PBXNativeTarget;
			buildConfigurationList = F6B63A8426F6536C00616629 /* Build configuration list for PBXNativeTarget "Flix" */;
			buildPhases = (
				F6B63A5626F6536800616629 /* Sources */,
				F6B63A5726F6536800616629 /* Frameworks */,
				F6B63A5826F6536800616629 /* Resources */,
			);
			buildRules = (
			);
			dependencies = (
			);
			name = Flix;
			productName = Flix;
			productReference = F6B63A5A26F6536800616629 /* Flix.app */;
			productType = "com.apple.product-type.application";
		};
		F6B63A6F26F6536C00616629 /* FlixTests */ = {
			isa = PBXNativeTarget;
			buildConfigurationList = F6B63A8726F6536C00616629 /* Build configuration list for PBXNativeTarget "FlixTests" */;
			buildPhases = (
				F6B63A6C26F6536C00616629 /* Sources */,
				F6B63A6D26F6536C00616629 /* Frameworks */,
				F6B63A6E26F6536C00616629 /* Resources */,
			);
			buildRules = (
			);
			dependencies = (
				F6B63A7226F6536C00616629 /* PBXTargetDependency */,
			);
			name = FlixTests;
			productName = FlixTests;
			productReference = F6B63A7026F6536C00616629 /* FlixTests.xctest */;
			productType = "com.apple.product-type.bundle.unit-test";
		};
		F6B63A7A26F6536C00616629 /* FlixUITests */ = {
			isa = PBXNativeTarget;
			buildConfigurationList = F6B63A8A26F6536C00616629 /* Build configuration list for PBXNativeTarget "FlixUITests" */;
			buildPhases = (
				F6B63A7726F6536C00616629 /* Sources */,
				F6B63A7826F6536C00616629 /* Frameworks */,
				F6B63A7926F6536C00616629 /* Resources */,
			);
			buildRules = (
			);
			dependencies = (
				F6B63A7D26F6536C00616629 /* PBXTargetDependency */,
			);
			name = FlixUITests;
			productName = FlixUITests;
			productReference = F6B63A7B26F6536C00616629 /* FlixUITests.xctest */;
			productType = "com.apple.product-type.bundle.ui-testing";
		};
/* End PBXNativeTarget section */

/* Begin PBXProject section */
		F6B63A5226F6536800616629 /* Project object */ = {
			isa = PBXProject;
			attributes = {
				LastSwiftUpdateCheck = 1250;
				LastUpgradeCheck = 1250;
				TargetAttributes = {
					F6B63A5926F6536800616629 = {
						CreatedOnToolsVersion = 12.5.1;
					};
					F6B63A6F26F6536C00616629 = {
						CreatedOnToolsVersion = 12.5.1;
						TestTargetID = F6B63A5926F6536800616629;
					};
					F6B63A7A26F6536C00616629 = {
						CreatedOnToolsVersion = 12.5.1;
						TestTargetID = F6B63A5926F6536800616629;
					};
				};
			};
			buildConfigurationList = F6B63A5526F6536800616629 /* Build configuration list for PBXProject "Flix" */;
			compatibilityVersion = "Xcode 9.3";
			developmentRegion = en;
			hasScannedForEncodings = 0;
			knownRegions = (
				en,
				Base,
			);
			mainGroup = F6B63A5126F6536800616629;
			productRefGroup = F6B63A5B26F6536800616629 /* Products */;
			projectDirPath = "";
			projectRoot = "";
			targets = (
				F6B63A5926F6536800616629 /* Flix */,
				F6B63A6F26F6536C00616629 /* FlixTests */,
				F6B63A7A26F6536C00616629 /* FlixUITests */,
			);
		};
/* End PBXProject section */

/* Begin PBXResourcesBuildPhase section */
		F6B63A5826F6536800616629 /* Resources */ = {
			isa = PBXResourcesBuildPhase;
			buildActionMask = 2147483647;
			files = (
				F6B63A6A26F6536C00616629 /* LaunchScreen.storyboard in Resources */,
				F6B63A6726F6536C00616629 /* Assets.xcassets in Resources */,
				F6B63A6526F6536800616629 /* Main.storyboard in Resources */,
			);
			runOnlyForDeploymentPostprocessing = 0;
		};
		F6B63A6E26F6536C00616629 /* Resources */ = {
			isa = PBXResourcesBuildPhase;
			buildActionMask = 2147483647;
			files = (
			);
			runOnlyForDeploymentPostprocessing = 0;
		};
		F6B63A7926F6536C00616629 /* Resources */ = {
			isa = PBXResourcesBuildPhase;
			buildActionMask = 2147483647;
			files = (
			);
			runOnlyForDeploymentPostprocessing = 0;
		};
/* End PBXResourcesBuildPhase section */

/* Begin PBXSourcesBuildPhase section */
		F6B63A5626F6536800616629 /* Sources */ = {
			isa = PBXSourcesBuildPhase;
			buildActionMask = 2147483647;
			files = (
				F6B63A6226F6536800616629 /* ViewController.swift in Sources */,
				F6B63A5E26F6536800616629 /* AppDelegate.swift in Sources */,
				F6B63A6026F6536800616629 /* SceneDelegate.swift in Sources */,
			);
			runOnlyForDeploymentPostprocessing = 0;
		};
		F6B63A6C26F6536C00616629 /* Sources */ = {
			isa = PBXSourcesBuildPhase;
			buildActionMask = 2147483647;
			files = (
				F6B63A7526F6536C00616629 /* FlixTests.swift in Sources */,
			);
			runOnlyForDeploymentPostprocessing = 0;
		};
		F6B63A7726F6536C00616629 /* Sources */ = {
			isa = PBXSourcesBuildPhase;
			buildActionMask = 2147483647;
			files = (
				F6B63A8026F6536C00616629 /* FlixUITests.swift in Sources */,
			);
			runOnlyForDeploymentPostprocessing = 0;
		};
/* End PBXSourcesBuildPhase section */

/* Begin PBXTargetDependency section */
		F6B63A7226F6536C00616629 /* PBXTargetDependency */ = {
			isa = PBXTargetDependency;
			target = F6B63A5926F6536800616629 /* Flix */;
			targetProxy = F6B63A7126F6536C00616629 /* PBXContainerItemProxy */;
		};
		F6B63A7D26F6536C00616629 /* PBXTargetDependency */ = {
			isa = PBXTargetDependency;
			target = F6B63A5926F6536800616629 /* Flix */;
			targetProxy = F6B63A7C26F6536C00616629 /* PBXContainerItemProxy */;
		};
/* End PBXTargetDependency section */

/* Begin PBXVariantGroup section */
		F6B63A6326F6536800616629 /* Main.storyboard */ = {
			isa = PBXVariantGroup;
			children = (
				F6B63A6426F6536800616629 /* Base */,
			);
			name = Main.storyboard;
			sourceTree = "<group>";
		};
		F6B63A6826F6536C00616629 /* LaunchScreen.storyboard */ = {
			isa = PBXVariantGroup;
			children = (
				F6B63A6926F6536C00616629 /* Base */,
			);
			name = LaunchScreen.storyboard;
			sourceTree = "<group>";
		};
/* End PBXVariantGroup section */

/* Begin XCBuildConfiguration section */
		F6B63A8226F6536C00616629 /* Debug */ = {
			isa = XCBuildConfiguration;
			buildSettings = {
				ALWAYS_SEARCH_USER_PATHS = NO;
				CLANG_ANALYZER_NONNULL = YES;
				CLANG_ANALYZER_NUMBER_OBJECT_CONVERSION = YES_AGGRESSIVE;
				CLANG_CXX_LANGUAGE_STANDARD = "gnu++14";
				CLANG_CXX_LIBRARY = "libc++";
				CLANG_ENABLE_MODULES = YES;
				CLANG_ENABLE_OBJC_ARC = YES;
				CLANG_ENABLE_OBJC_WEAK = YES;
				CLANG_WARN_BLOCK_CAPTURE_AUTORELEASING = YES;
				CLANG_WARN_BOOL_CONVERSION = YES;
				CLANG_WARN_COMMA = YES;
				CLANG_WARN_CONSTANT_CONVERSION = YES;
				CLANG_WARN_DEPRECATED_OBJC_IMPLEMENTATIONS = YES;
				CLANG_WARN_DIRECT_OBJC_ISA_USAGE = YES_ERROR;
				CLANG_WARN_DOCUMENTATION_COMMENTS = YES;
				CLANG_WARN_EMPTY_BODY = YES;
				CLANG_WARN_ENUM_CONVERSION = YES;
				CLANG_WARN_INFINITE_RECURSION = YES;
				CLANG_WARN_INT_CONVERSION = YES;
				CLANG_WARN_NON_LITERAL_NULL_CONVERSION = YES;
				CLANG_WARN_OBJC_IMPLICIT_RETAIN_SELF = YES;
				CLANG_WARN_OBJC_LITERAL_CONVERSION = YES;
				CLANG_WARN_OBJC_ROOT_CLASS = YES_ERROR;
				CLANG_WARN_QUOTED_INCLUDE_IN_FRAMEWORK_HEADER = YES;
				CLANG_WARN_RANGE_LOOP_ANALYSIS = YES;
				CLANG_WARN_STRICT_PROTOTYPES = YES;
				CLANG_WARN_SUSPICIOUS_MOVE = YES;
				CLANG_WARN_UNGUARDED_AVAILABILITY = YES_AGGRESSIVE;
				CLANG_WARN_UNREACHABLE_CODE = YES;
				CLANG_WARN__DUPLICATE_METHOD_MATCH = YES;
				COPY_PHASE_STRIP = NO;
				DEBUG_INFORMATION_FORMAT = dwarf;
				ENABLE_STRICT_OBJC_MSGSEND = YES;
				ENABLE_TESTABILITY = YES;
				GCC_C_LANGUAGE_STANDARD = gnu11;
				GCC_DYNAMIC_NO_PIC = NO;
				GCC_NO_COMMON_BLOCKS = YES;
				GCC_OPTIMIZATION_LEVEL = 0;
				GCC_PREPROCESSOR_DEFINITIONS = (
					"DEBUG=1",
					"$(inherited)",
				);
				GCC_WARN_64_TO_32_BIT_CONVERSION = YES;
				GCC_WARN_ABOUT_RETURN_TYPE = YES_ERROR;
				GCC_WARN_UNDECLARED_SELECTOR = YES;
				GCC_WARN_UNINITIALIZED_AUTOS = YES_AGGRESSIVE;
				GCC_WARN_UNUSED_FUNCTION = YES;
				GCC_WARN_UNUSED_VARIABLE = YES;
				IPHONEOS_DEPLOYMENT_TARGET = 14.5;
				MTL_ENABLE_DEBUG_INFO = INCLUDE_SOURCE;
				MTL_FAST_MATH = YES;
				ONLY_ACTIVE_ARCH = YES;
				SDKROOT = iphoneos;
				SWIFT_ACTIVE_COMPILATION_CONDITIONS = DEBUG;
				SWIFT_OPTIMIZATION_LEVEL = "-Onone";
			};
			name = Debug;
		};
		F6B63A8326F6536C00616629 /* Release */ = {
			isa = XCBuildConfiguration;
			buildSettings = {
				ALWAYS_SEARCH_USER_PATHS = NO;
				CLANG_ANALYZER_NONNULL = YES;
				CLANG_ANALYZER_NUMBER_OBJECT_CONVERSION = YES_AGGRESSIVE;
				CLANG_CXX_LANGUAGE_STANDARD = "gnu++14";
				CLANG_CXX_LIBRARY = "libc++";
				CLANG_ENABLE_MODULES = YES;
				CLANG_ENABLE_OBJC_ARC = YES;
				CLANG_ENABLE_OBJC_WEAK = YES;
				CLANG_WARN_BLOCK_CAPTURE_AUTORELEASING = YES;
				CLANG_WARN_BOOL_CONVERSION = YES;
				CLANG_WARN_COMMA = YES;
				CLANG_WARN_CONSTANT_CONVERSION = YES;
				CLANG_WARN_DEPRECATED_OBJC_IMPLEMENTATIONS = YES;
				CLANG_WARN_DIRECT_OBJC_ISA_USAGE = YES_ERROR;
				CLANG_WARN_DOCUMENTATION_COMMENTS = YES;
				CLANG_WARN_EMPTY_BODY = YES;
				CLANG_WARN_ENUM_CONVERSION = YES;
				CLANG_WARN_INFINITE_RECURSION = YES;
				CLANG_WARN_INT_CONVERSION = YES;
				CLANG_WARN_NON_LITERAL_NULL_CONVERSION = YES;
				CLANG_WARN_OBJC_IMPLICIT_RETAIN_SELF = YES;
				CLANG_WARN_OBJC_LITERAL_CONVERSION = YES;
				CLANG_WARN_OBJC_ROOT_CLASS = YES_ERROR;
				CLANG_WARN_QUOTED_INCLUDE_IN_FRAMEWORK_HEADER = YES;
				CLANG_WARN_RANGE_LOOP_ANALYSIS = YES;
				CLANG_WARN_STRICT_PROTOTYPES = YES;
				CLANG_WARN_SUSPICIOUS_MOVE = YES;
				CLANG_WARN_UNGUARDED_AVAILABILITY = YES_AGGRESSIVE;
				CLANG_WARN_UNREACHABLE_CODE = YES;
				CLANG_WARN__DUPLICATE_METHOD_MATCH = YES;
				COPY_PHASE_STRIP = NO;
				DEBUG_INFORMATION_FORMAT = "dwarf-with-dsym";
				ENABLE_NS_ASSERTIONS = NO;
				ENABLE_STRICT_OBJC_MSGSEND = YES;
				GCC_C_LANGUAGE_STANDARD = gnu11;
				GCC_NO_COMMON_BLOCKS = YES;
				GCC_WARN_64_TO_32_BIT_CONVERSION = YES;
				GCC_WARN_ABOUT_RETURN_TYPE = YES_ERROR;
				GCC_WARN_UNDECLARED_SELECTOR = YES;
				GCC_WARN_UNINITIALIZED_AUTOS = YES_AGGRESSIVE;
				GCC_WARN_UNUSED_FUNCTION = YES;
				GCC_WARN_UNUSED_VARIABLE = YES;
				IPHONEOS_DEPLOYMENT_TARGET = 14.5;
				MTL_ENABLE_DEBUG_INFO = NO;
				MTL_FAST_MATH = YES;
				SDKROOT = iphoneos;
				SWIFT_COMPILATION_MODE = wholemodule;
				SWIFT_OPTIMIZATION_LEVEL = "-O";
				VALIDATE_PRODUCT = YES;
			};
			name = Release;
		};
		F6B63A8526F6536C00616629 /* Debug */ = {
			isa = XCBuildConfiguration;
			buildSettings = {
				ASSETCATALOG_COMPILER_APPICON_NAME = AppIcon;
				ASSETCATALOG_COMPILER_GLOBAL_ACCENT_COLOR_NAME = AccentColor;
				CODE_SIGN_STYLE = Automatic;
				INFOPLIST_FILE = Flix/Info.plist;
				LD_RUNPATH_SEARCH_PATHS = (
					"$(inherited)",
					"@executable_path/Frameworks",
				);
				PRODUCT_BUNDLE_IDENTIFIER = memo.com.Flix;
				PRODUCT_NAME = "$(TARGET_NAME)";
				SWIFT_VERSION = 5.0;
				TARGETED_DEVICE_FAMILY = "1,2";
			};
			name = Debug;
		};
		F6B63A8626F6536C00616629 /* Release */ = {
			isa = XCBuildConfiguration;
			buildSettings = {
				ASSETCATALOG_COMPILER_APPICON_NAME = AppIcon;
				ASSETCATALOG_COMPILER_GLOBAL_ACCENT_COLOR_NAME = AccentColor;
				CODE_SIGN_STYLE = Automatic;
				INFOPLIST_FILE = Flix/Info.plist;
				LD_RUNPATH_SEARCH_PATHS = (
					"$(inherited)",
					"@executable_path/Frameworks",
				);
				PRODUCT_BUNDLE_IDENTIFIER = memo.com.Flix;
				PRODUCT_NAME = "$(TARGET_NAME)";
				SWIFT_VERSION = 5.0;
				TARGETED_DEVICE_FAMILY = "1,2";
			};
			name = Release;
		};
		F6B63A8826F6536C00616629 /* Debug */ = {
			isa = XCBuildConfiguration;
			buildSettings = {
				ALWAYS_EMBED_SWIFT_STANDARD_LIBRARIES = YES;
				BUNDLE_LOADER = "$(TEST_HOST)";
				CODE_SIGN_STYLE = Automatic;
				INFOPLIST_FILE = FlixTests/Info.plist;
				IPHONEOS_DEPLOYMENT_TARGET = 14.5;
				LD_RUNPATH_SEARCH_PATHS = (
					"$(inherited)",
					"@executable_path/Frameworks",
					"@loader_path/Frameworks",
				);
				PRODUCT_BUNDLE_IDENTIFIER = memo.com.FlixTests;
				PRODUCT_NAME = "$(TARGET_NAME)";
				SWIFT_VERSION = 5.0;
				TARGETED_DEVICE_FAMILY = "1,2";
				TEST_HOST = "$(BUILT_PRODUCTS_DIR)/Flix.app/Flix";
			};
			name = Debug;
		};
		F6B63A8926F6536C00616629 /* Release */ = {
			isa = XCBuildConfiguration;
			buildSettings = {
				ALWAYS_EMBED_SWIFT_STANDARD_LIBRARIES = YES;
				BUNDLE_LOADER = "$(TEST_HOST)";
				CODE_SIGN_STYLE = Automatic;
				INFOPLIST_FILE = FlixTests/Info.plist;
				IPHONEOS_DEPLOYMENT_TARGET = 14.5;
				LD_RUNPATH_SEARCH_PATHS = (
					"$(inherited)",
					"@executable_path/Frameworks",
					"@loader_path/Frameworks",
				);
				PRODUCT_BUNDLE_IDENTIFIER = memo.com.FlixTests;
				PRODUCT_NAME = "$(TARGET_NAME)";
				SWIFT_VERSION = 5.0;
				TARGETED_DEVICE_FAMILY = "1,2";
				TEST_HOST = "$(BUILT_PRODUCTS_DIR)/Flix.app/Flix";
			};
			name = Release;
		};
		F6B63A8B26F6536C00616629 /* Debug */ = {
			isa = XCBuildConfiguration;
			buildSettings = {
				ALWAYS_EMBED_SWIFT_STANDARD_LIBRARIES = YES;
				CODE_SIGN_STYLE = Automatic;
				INFOPLIST_FILE = FlixUITests/Info.plist;
				LD_RUNPATH_SEARCH_PATHS = (
					"$(inherited)",
					"@executable_path/Frameworks",
					"@loader_path/Frameworks",
				);
				PRODUCT_BUNDLE_IDENTIFIER = memo.com.FlixUITests;
				PRODUCT_NAME = "$(TARGET_NAME)";
				SWIFT_VERSION = 5.0;
				TARGETED_DEVICE_FAMILY = "1,2";
				TEST_TARGET_NAME = Flix;
			};
			name = Debug;
		};
		F6B63A8C26F6536C00616629 /* Release */ = {
			isa = XCBuildConfiguration;
			buildSettings = {
				ALWAYS_EMBED_SWIFT_STANDARD_LIBRARIES = YES;
				CODE_SIGN_STYLE = Automatic;
				INFOPLIST_FILE = FlixUITests/Info.plist;
				LD_RUNPATH_SEARCH_PATHS = (
					"$(inherited)",
					"@executable_path/Frameworks",
					"@loader_path/Frameworks",
				);
				PRODUCT_BUNDLE_IDENTIFIER = memo.com.FlixUITests;
				PRODUCT_NAME = "$(TARGET_NAME)";
				SWIFT_VERSION = 5.0;
				TARGETED_DEVICE_FAMILY = "1,2";
				TEST_TARGET_NAME = Flix;
			};
			name = Release;
		};
/* End XCBuildConfiguration section */

/* Begin XCConfigurationList section */
		F6B63A5526F6536800616629 /* Build configuration list for PBXProject "Flix" */ = {
			isa = XCConfigurationList;
			buildConfigurations = (
				F6B63A8226F6536C00616629 /* Debug */,
				F6B63A8326F6536C00616629 /* Release */,
			);
			defaultConfigurationIsVisible = 0;
			defaultConfigurationName = Release;
		};
		F6B63A8426F6536C00616629 /* Build configuration list for PBXNativeTarget "Flix" */ = {
			isa = XCConfigurationList;
			buildConfigurations = (
				F6B63A8526F6536C00616629 /* Debug */,
				F6B63A8626F6536C00616629 /* Release */,
			);
			defaultConfigurationIsVisible = 0;
			defaultConfigurationName = Release;
		};
		F6B63A8726F6536C00616629 /* Build configuration list for PBXNativeTarget "FlixTests" */ = {
			isa = XCConfigurationList;
			buildConfigurations = (
				F6B63A8826F6536C00616629 /* Debug */,
				F6B63A8926F6536C00616629 /* Release */,
			);
			defaultConfigurationIsVisible = 0;
			defaultConfigurationName = Release;
		};
		F6B63A8A26F6536C00616629 /* Build configuration list for PBXNativeTarget "FlixUITests" */ = {
			isa = XCConfigurationList;
			buildConfigurations = (
				F6B63A8B26F6536C00616629 /* Debug */,
				F6B63A8C26F6536C00616629 /* Release */,
			);
			defaultConfigurationIsVisible = 0;
			defaultConfigurationName = Release;
		};
/* End XCConfigurationList section */
	};
	rootObject = F6B63A5226F6536800616629 /* Project object */;
}
